
Microsoft Visual Studio Solution File, Format Version 12.00
# Visual Studio 15
VisualStudioVersion = 15.0.28010.0
MinimumVisualStudioVersion = 10.0.40219.1
Project("{8BC9CEB8-8B4A-11D0-8D11-00A0C91BC942}") = "GetNTLMChallenge", "GetNTLMChallenge.vcxproj", "{722C6A61-23AB-4181-9AE8-5D0A0C156FAF}"
EndProject
Global
	GlobalSection(SolutionConfigurationPlatforms) = preSolution
		Debug|x64 = Debug|x64
		Debug|x86 = Debug|x86
		Release|x64 = Release|x64
		Release|x86 = Release|x86
	EndGlobalSection
	GlobalSection(ProjectConfigurationPlatforms) = postSolution
		{722C6A61-23AB-4181-9AE8-5D0A0C156FAF}.Debug|x64.ActiveCfg = Debug|x64
		{722C6A61-23AB-4181-9AE8-5D0A0C156FAF}.Debug|x64.Build.0 = Debug|x64
		{722C6A61-23AB-4181-9AE8-5D0A0C156FAF}.Debug|x86.ActiveCfg = Debug|Win32
		{722C6A61-23AB-4181-9AE8-5D0A0C156FAF}.Debug|x86.Build.0 = Debug|Win32
		{722C6A61-23AB-4181-9AE8-5D0A0C156FAF}.Release|x64.ActiveCfg = Release|x64
		{722C6A61-23AB-4181-9AE8-5D0A0C156FAF}.Release|x64.Build.0 = Release|x64
		{722C6A61-23AB-4181-9AE8-5D0A0C156FAF}.Release|x86.ActiveCfg = Release|Win32
		{722C6A61-23AB-4181-9AE8-5D0A0C156FAF}.Release|x86.Build.0 = Release|Win32
	EndGlobalSection
	GlobalSection(SolutionProperties) = preSolution
		HideSolutionNode = FALSE
	EndGlobalSection
	GlobalSection(ExtensibilityGlobals) = postSolution
		SolutionGuid = {63C287A1-E160-4207-BA0B-319345ACF369}
	EndGlobalSection
EndGlobal
